
Microsoft Visual Studio Solution File, Format Version 12.00
# Visual Studio Version 17
VisualStudioVersion = 17.13.35828.75 d17.13
MinimumVisualStudioVersion = 10.0.40219.1
Project("{FAE04EC0-301F-11D3-BF4B-00C04F79EFBC}") = "Trabalho01DiamanteDeX.ConsoleApp", "Trabalho01DiamanteDeX.ConsoleApp\Trabalho01DiamanteDeX.ConsoleApp.csproj", "{2F162326-1D79-46CF-A9E6-5B91624BBCDE}"
EndProject
Global
	GlobalSection(SolutionConfigurationPlatforms) = preSolution
		Debug|Any CPU = Debug|Any CPU
		Release|Any CPU = Release|Any CPU
	EndGlobalSection
	GlobalSection(ProjectConfigurationPlatforms) = postSolution
		{2F162326-1D79-46CF-A9E6-5B91624BBCDE}.Debug|Any CPU.ActiveCfg = Debug|Any CPU
		{2F162326-1D79-46CF-A9E6-5B91624BBCDE}.Debug|Any CPU.Build.0 = Debug|Any CPU
		{2F162326-1D79-46CF-A9E6-5B91624BBCDE}.Release|Any CPU.ActiveCfg = Release|Any CPU
		{2F162326-1D79-46CF-A9E6-5B91624BBCDE}.Release|Any CPU.Build.0 = Release|Any CPU
	EndGlobalSection
	GlobalSection(SolutionProperties) = preSolution
		HideSolutionNode = FALSE
	EndGlobalSection
	GlobalSection(ExtensibilityGlobals) = postSolution
		SolutionGuid = {6DB15B3B-E734-43CB-8125-80F1A6A90E27}
	EndGlobalSection
EndGlobal
